// !$*UTF8*$!
{
	archiveVersion = 1;
	classes = {
	};
	objectVersion = 46;
	objects = {

/* Begin PBXBuildFile section */
		0F7195841C045514004AB1E9 /* AppDelegate.swift in Sources */ = {isa = PBXBuildFile; fileRef = 0F7195831C045514004AB1E9 /* AppDelegate.swift */; };
		0F7195861C045514004AB1E9 /* FirstViewController.swift in Sources */ = {isa = PBXBuildFile; fileRef = 0F7195851C045514004AB1E9 /* FirstViewController.swift */; };
		0F7195881C045514004AB1E9 /* SecondViewController.swift in Sources */ = {isa = PBXBuildFile; fileRef = 0F7195871C045514004AB1E9 /* SecondViewController.swift */; };
		0F71958B1C045514004AB1E9 /* Main.storyboard in Resources */ = {isa = PBXBuildFile; fileRef = 0F7195891C045514004AB1E9 /* Main.storyboard */; };
		0F71958D1C045514004AB1E9 /* Assets.xcassets in Resources */ = {isa = PBXBuildFile; fileRef = 0F71958C1C045514004AB1E9 /* Assets.xcassets */; };
		0F7195901C045514004AB1E9 /* LaunchScreen.storyboard in Resources */ = {isa = PBXBuildFile; fileRef = 0F71958E1C045514004AB1E9 /* LaunchScreen.storyboard */; };
		0F71959B1C045515004AB1E9 /* AdmeTests.swift in Sources */ = {isa = PBXBuildFile; fileRef = 0F71959A1C045515004AB1E9 /* AdmeTests.swift */; };
		0F7195A61C045515004AB1E9 /* AdmeUITests.swift in Sources */ = {isa = PBXBuildFile; fileRef = 0F7195A51C045515004AB1E9 /* AdmeUITests.swift */; };
/* End PBXBuildFile section */

/* Begin PBXContainerItemProxy section */
		0F7195971C045515004AB1E9 /* PBXContainerItemProxy */ = {
			isa = PBXContainerItemProxy;
			containerPortal = 0F7195781C045514004AB1E9 /* Project object */;
			proxyType = 1;
			remoteGlobalIDString = 0F71957F1C045514004AB1E9;
			remoteInfo = Adme;
		};
		0F7195A21C045515004AB1E9 /* PBXContainerItemProxy */ = {
			isa = PBXContainerItemProxy;
			containerPortal = 0F7195781C045514004AB1E9 /* Project object */;
			proxyType = 1;
			remoteGlobalIDString = 0F71957F1C045514004AB1E9;
			remoteInfo = Adme;
		};
/* End PBXContainerItemProxy section */

/* Begin PBXFileReference section */
		0F7195801C045514004AB1E9 /* Adme.app */ = {isa = PBXFileReference; explicitFileType = wrapper.application; includeInIndex = 0; path = Adme.app; sourceTree = BUILT_PRODUCTS_DIR; };
		0F7195831C045514004AB1E9 /* AppDelegate.swift */ = {isa = PBXFileReference; lastKnownFileType = sourcecode.swift; path = AppDelegate.swift; sourceTree = "<group>"; };
		0F7195851C045514004AB1E9 /* FirstViewController.swift */ = {isa = PBXFileReference; lastKnownFileType = sourcecode.swift; path = FirstViewController.swift; sourceTree = "<group>"; };
		0F7195871C045514004AB1E9 /* SecondViewController.swift */ = {isa = PBXFileReference; lastKnownFileType = sourcecode.swift; path = SecondViewController.swift; sourceTree = "<group>"; };
		0F71958A1C045514004AB1E9 /* Base */ = {isa = PBXFileReference; lastKnownFileType = file.storyboard; name = Base; path = Base.lproj/Main.storyboard; sourceTree = "<group>"; };
		0F71958C1C045514004AB1E9 /* Assets.xcassets */ = {isa = PBXFileReference; lastKnownFileType = folder.assetcatalog; path = Assets.xcassets; sourceTree = "<group>"; };
		0F71958F1C045514004AB1E9 /* Base */ = {isa = PBXFileReference; lastKnownFileType = file.storyboard; name = Base; path = Base.lproj/LaunchScreen.storyboard; sourceTree = "<group>"; };
		0F7195911C045514004AB1E9 /* Info.plist */ = {isa = PBXFileReference; lastKnownFileType = text.plist.xml; path = Info.plist; sourceTree = "<group>"; };
		0F7195961C045515004AB1E9 /* AdmeTests.xctest */ = {isa = PBXFileReference; explicitFileType = wrapper.cfbundle; includeInIndex = 0; path = AdmeTests.xctest; sourceTree = BUILT_PRODUCTS_DIR; };
		0F71959A1C045515004AB1E9 /* AdmeTests.swift */ = {isa = PBXFileReference; lastKnownFileType = sourcecode.swift; path = AdmeTests.swift; sourceTree = "<group>"; };
		0F71959C1C045515004AB1E9 /* Info.plist */ = {isa = PBXFileReference; lastKnownFileType = text.plist.xml; path = Info.plist; sourceTree = "<group>"; };
		0F7195A11C045515004AB1E9 /* AdmeUITests.xctest */ = {isa = PBXFileReference; explicitFileType = wrapper.cfbundle; includeInIndex = 0; path = AdmeUITests.xctest; sourceTree = BUILT_PRODUCTS_DIR; };
		0F7195A51C045515004AB1E9 /* AdmeUITests.swift */ = {isa = PBXFileReference; lastKnownFileType = sourcecode.swift; path = AdmeUITests.swift; sourceTree = "<group>"; };
		0F7195A71C045515004AB1E9 /* Info.plist */ = {isa = PBXFileReference; lastKnownFileType = text.plist.xml; path = Info.plist; sourceTree = "<group>"; };
/* End PBXFileReference section */

/* Begin PBXFrameworksBuildPhase section */
		0F71957D1C045514004AB1E9 /* Frameworks */ = {
			isa = PBXFrameworksBuildPhase;
			buildActionMask = 2147483647;
			files = (
			);
			runOnlyForDeploymentPostprocessing = 0;
		};
		0F7195931C045515004AB1E9 /* Frameworks */ = {
			isa = PBXFrameworksBuildPhase;
			buildActionMask = 2147483647;
			files = (
			);
			runOnlyForDeploymentPostprocessing = 0;
		};
		0F71959E1C045515004AB1E9 /* Frameworks */ = {
			isa = PBXFrameworksBuildPhase;
			buildActionMask = 2147483647;
			files = (
			);
			runOnlyForDeploymentPostprocessing = 0;
		};
/* End PBXFrameworksBuildPhase section */

/* Begin PBXGroup section */
		0F7195771C045514004AB1E9 = {
			isa = PBXGroup;
			children = (
				0F7195821C045514004AB1E9 /* Adme */,
				0F7195991C045515004AB1E9 /* AdmeTests */,
				0F7195A41C045515004AB1E9 /* AdmeUITests */,
				0F7195811C045514004AB1E9 /* Products */,
			);
			sourceTree = "<group>";
		};
		0F7195811C045514004AB1E9 /* Products */ = {
			isa = PBXGroup;
			children = (
				0F7195801C045514004AB1E9 /* Adme.app */,
				0F7195961C045515004AB1E9 /* AdmeTests.xctest */,
				0F7195A11C045515004AB1E9 /* AdmeUITests.xctest */,
			);
			name = Products;
			sourceTree = "<group>";
		};
		0F7195821C045514004AB1E9 /* Adme */ = {
			isa = PBXGroup;
			children = (
				0F7195831C045514004AB1E9 /* AppDelegate.swift */,
				0F7195851C045514004AB1E9 /* FirstViewController.swift */,
				0F7195871C045514004AB1E9 /* SecondViewController.swift */,
				0F7195891C045514004AB1E9 /* Main.storyboard */,
				0F71958C1C045514004AB1E9 /* Assets.xcassets */,
				0F71958E1C045514004AB1E9 /* LaunchScreen.storyboard */,
				0F7195911C045514004AB1E9 /* Info.plist */,
			);
			path = Adme;
			sourceTree = "<group>";
		};
		0F7195991C045515004AB1E9 /* AdmeTests */ = {
			isa = PBXGroup;
			children = (
				0F71959A1C045515004AB1E9 /* AdmeTests.swift */,
				0F71959C1C045515004AB1E9 /* Info.plist */,
			);
			path = AdmeTests;
			sourceTree = "<group>";
		};
		0F7195A41C045515004AB1E9 /* AdmeUITests */ = {
			isa = PBXGroup;
			children = (
				0F7195A51C045515004AB1E9 /* AdmeUITests.swift */,
				0F7195A71C045515004AB1E9 /* Info.plist */,
			);
			path = AdmeUITests;
			sourceTree = "<group>";
		};
/* End PBXGroup section */

/* Begin PBXNativeTarget section */
		0F71957F1C045514004AB1E9 /* Adme */ = {
			isa = PBXNativeTarget;
			buildConfigurationList = 0F7195AA1C045515004AB1E9 /* Build configuration list for PBXNativeTarget "Adme" */;
			buildPhases = (
				0F71957C1C045514004AB1E9 /* Sources */,
				0F71957D1C045514004AB1E9 /* Frameworks */,
				0F71957E1C045514004AB1E9 /* Resources */,
			);
			buildRules = (
			);
			dependencies = (
			);
			name = Adme;
			productName = Adme;
			productReference = 0F7195801C045514004AB1E9 /* Adme.app */;
			productType = "com.apple.product-type.application";
		};
		0F7195951C045515004AB1E9 /* AdmeTests */ = {
			isa = PBXNativeTarget;
			buildConfigurationList = 0F7195AD1C045515004AB1E9 /* Build configuration list for PBXNativeTarget "AdmeTests" */;
			buildPhases = (
				0F7195921C045515004AB1E9 /* Sources */,
				0F7195931C045515004AB1E9 /* Frameworks */,
				0F7195941C045515004AB1E9 /* Resources */,
			);
			buildRules = (
			);
			dependencies = (
				0F7195981C045515004AB1E9 /* PBXTargetDependency */,
			);
			name = AdmeTests;
			productName = AdmeTests;
			productReference = 0F7195961C045515004AB1E9 /* AdmeTests.xctest */;
			productType = "com.apple.product-type.bundle.unit-test";
		};
		0F7195A01C045515004AB1E9 /* AdmeUITests */ = {
			isa = PBXNativeTarget;
			buildConfigurationList = 0F7195B01C045515004AB1E9 /* Build configuration list for PBXNativeTarget "AdmeUITests" */;
			buildPhases = (
				0F71959D1C045515004AB1E9 /* Sources */,
				0F71959E1C045515004AB1E9 /* Frameworks */,
				0F71959F1C045515004AB1E9 /* Resources */,
			);
			buildRules = (
			);
			dependencies = (
				0F7195A31C045515004AB1E9 /* PBXTargetDependency */,
			);
			name = AdmeUITests;
			productName = AdmeUITests;
			productReference = 0F7195A11C045515004AB1E9 /* AdmeUITests.xctest */;
			productType = "com.apple.product-type.bundle.ui-testing";
		};
/* End PBXNativeTarget section */

/* Begin PBXProject section */
		0F7195781C045514004AB1E9 /* Project object */ = {
			isa = PBXProject;
			attributes = {
				LastSwiftUpdateCheck = 0710;
				LastUpgradeCheck = 0710;
				ORGANIZATIONNAME = "Maxim Rovkin";
				TargetAttributes = {
					0F71957F1C045514004AB1E9 = {
						CreatedOnToolsVersion = 7.1.1;
						DevelopmentTeam = VCYE36R84N;
					};
					0F7195951C045515004AB1E9 = {
						CreatedOnToolsVersion = 7.1.1;
						DevelopmentTeam = VCYE36R84N;
						TestTargetID = 0F71957F1C045514004AB1E9;
					};
					0F7195A01C045515004AB1E9 = {
						CreatedOnToolsVersion = 7.1.1;
						DevelopmentTeam = VCYE36R84N;
						TestTargetID = 0F71957F1C045514004AB1E9;
					};
				};
			};
			buildConfigurationList = 0F71957B1C045514004AB1E9 /* Build configuration list for PBXProject "Adme" */;
			compatibilityVersion = "Xcode 3.2";
			developmentRegion = English;
			hasScannedForEncodings = 0;
			knownRegions = (
				en,
				Base,
			);
			mainGroup = 0F7195771C045514004AB1E9;
			productRefGroup = 0F7195811C045514004AB1E9 /* Products */;
			projectDirPath = "";
			projectRoot = "";
			targets = (
				0F71957F1C045514004AB1E9 /* Adme */,
				0F7195951C045515004AB1E9 /* AdmeTests */,
				0F7195A01C045515004AB1E9 /* AdmeUITests */,
			);
		};
/* End PBXProject section */

/* Begin PBXResourcesBuildPhase section */
		0F71957E1C045514004AB1E9 /* Resources */ = {
			isa = PBXResourcesBuildPhase;
			buildActionMask = 2147483647;
			files = (
				0F7195901C045514004AB1E9 /* LaunchScreen.storyboard in Resources */,
				0F71958D1C045514004AB1E9 /* Assets.xcassets in Resources */,
				0F71958B1C045514004AB1E9 /* Main.storyboard in Resources */,
			);
			runOnlyForDeploymentPostprocessing = 0;
		};
		0F7195941C045515004AB1E9 /* Resources */ = {
			isa = PBXResourcesBuildPhase;
			buildActionMask = 2147483647;
			files = (
			);
			runOnlyForDeploymentPostprocessing = 0;
		};
		0F71959F1C045515004AB1E9 /* Resources */ = {
			isa = PBXResourcesBuildPhase;
			buildActionMask = 2147483647;
			files = (
			);
			runOnlyForDeploymentPostprocessing = 0;
		};
/* End PBXResourcesBuildPhase section */

/* Begin PBXSourcesBuildPhase section */
		0F71957C1C045514004AB1E9 /* Sources */ = {
			isa = PBXSourcesBuildPhase;
			buildActionMask = 2147483647;
			files = (
				0F7195881C045514004AB1E9 /* SecondViewController.swift in Sources */,
				0F7195841C045514004AB1E9 /* AppDelegate.swift in Sources */,
				0F7195861C045514004AB1E9 /* FirstViewController.swift in Sources */,
			);
			runOnlyForDeploymentPostprocessing = 0;
		};
		0F7195921C045515004AB1E9 /* Sources */ = {
			isa = PBXSourcesBuildPhase;
			buildActionMask = 2147483647;
			files = (
				0F71959B1C045515004AB1E9 /* AdmeTests.swift in Sources */,
			);
			runOnlyForDeploymentPostprocessing = 0;
		};
		0F71959D1C045515004AB1E9 /* Sources */ = {
			isa = PBXSourcesBuildPhase;
			buildActionMask = 2147483647;
			files = (
				0F7195A61C045515004AB1E9 /* AdmeUITests.swift in Sources */,
			);
			runOnlyForDeploymentPostprocessing = 0;
		};
/* End PBXSourcesBuildPhase section */

/* Begin PBXTargetDependency section */
		0F7195981C045515004AB1E9 /* PBXTargetDependency */ = {
			isa = PBXTargetDependency;
			target = 0F71957F1C045514004AB1E9 /* Adme */;
			targetProxy = 0F7195971C045515004AB1E9 /* PBXContainerItemProxy */;
		};
		0F7195A31C045515004AB1E9 /* PBXTargetDependency */ = {
			isa = PBXTargetDependency;
			target = 0F71957F1C045514004AB1E9 /* Adme */;
			targetProxy = 0F7195A21C045515004AB1E9 /* PBXContainerItemProxy */;
		};
/* End PBXTargetDependency section */

/* Begin PBXVariantGroup section */
		0F7195891C045514004AB1E9 /* Main.storyboard */ = {
			isa = PBXVariantGroup;
			children = (
				0F71958A1C045514004AB1E9 /* Base */,
			);
			name = Main.storyboard;
			sourceTree = "<group>";
		};
		0F71958E1C045514004AB1E9 /* LaunchScreen.storyboard */ = {
			isa = PBXVariantGroup;
			children = (
				0F71958F1C045514004AB1E9 /* Base */,
			);
			name = LaunchScreen.storyboard;
			sourceTree = "<group>";
		};
/* End PBXVariantGroup section */

/* Begin XCBuildConfiguration section */
		0F7195A81C045515004AB1E9 /* Debug */ = {
			isa = XCBuildConfiguration;
			buildSettings = {
				ALWAYS_SEARCH_USER_PATHS = NO;
				CLANG_CXX_LANGUAGE_STANDARD = "gnu++0x";
				CLANG_CXX_LIBRARY = "libc++";
				CLANG_ENABLE_MODULES = YES;
				CLANG_ENABLE_OBJC_ARC = YES;
				CLANG_WARN_BOOL_CONVERSION = YES;
				CLANG_WARN_CONSTANT_CONVERSION = YES;
				CLANG_WARN_DIRECT_OBJC_ISA_USAGE = YES_ERROR;
				CLANG_WARN_EMPTY_BODY = YES;
				CLANG_WARN_ENUM_CONVERSION = YES;
				CLANG_WARN_INT_CONVERSION = YES;
				CLANG_WARN_OBJC_ROOT_CLASS = YES_ERROR;
				CLANG_WARN_UNREACHABLE_CODE = YES;
				CLANG_WARN__DUPLICATE_METHOD_MATCH = YES;
				"CODE_SIGN_IDENTITY[sdk=iphoneos*]" = "iPhone Developer";
				COPY_PHASE_STRIP = NO;
				DEBUG_INFORMATION_FORMAT = dwarf;
				ENABLE_STRICT_OBJC_MSGSEND = YES;
				ENABLE_TESTABILITY = YES;
				GCC_C_LANGUAGE_STANDARD = gnu99;
				GCC_DYNAMIC_NO_PIC = NO;
				GCC_NO_COMMON_BLOCKS = YES;
				GCC_OPTIMIZATION_LEVEL = 0;
				GCC_PREPROCESSOR_DEFINITIONS = (
					"DEBUG=1",
					"$(inherited)",
				);
				GCC_WARN_64_TO_32_BIT_CONVERSION = YES;
				GCC_WARN_ABOUT_RETURN_TYPE = YES_ERROR;
				GCC_WARN_UNDECLARED_SELECTOR = YES;
				GCC_WARN_UNINITIALIZED_AUTOS = YES_AGGRESSIVE;
				GCC_WARN_UNUSED_FUNCTION = YES;
				GCC_WARN_UNUSED_VARIABLE = YES;
				IPHONEOS_DEPLOYMENT_TARGET = 9.1;
				MTL_ENABLE_DEBUG_INFO = YES;
				ONLY_ACTIVE_ARCH = YES;
				SDKROOT = iphoneos;
				SWIFT_OPTIMIZATION_LEVEL = "-Onone";
			};
			name = Debug;
		};
		0F7195A91C045515004AB1E9 /* Release */ = {
			isa = XCBuildConfiguration;
			buildSettings = {
				ALWAYS_SEARCH_USER_PATHS = NO;
				CLANG_CXX_LANGUAGE_STANDARD = "gnu++0x";
				CLANG_CXX_LIBRARY = "libc++";
				CLANG_ENABLE_MODULES = YES;
				CLANG_ENABLE_OBJC_ARC = YES;
				CLANG_WARN_BOOL_CONVERSION = YES;
				CLANG_WARN_CONSTANT_CONVERSION = YES;
				CLANG_WARN_DIRECT_OBJC_ISA_USAGE = YES_ERROR;
				CLANG_WARN_EMPTY_BODY = YES;
				CLANG_WARN_ENUM_CONVERSION = YES;
				CLANG_WARN_INT_CONVERSION = YES;
				CLANG_WARN_OBJC_ROOT_CLASS = YES_ERROR;
				CLANG_WARN_UNREACHABLE_CODE = YES;
				CLANG_WARN__DUPLICATE_METHOD_MATCH = YES;
				"CODE_SIGN_IDENTITY[sdk=iphoneos*]" = "iPhone Developer";
				COPY_PHASE_STRIP = NO;
				DEBUG_INFORMATION_FORMAT = "dwarf-with-dsym";
				ENABLE_NS_ASSERTIONS = NO;
				ENABLE_STRICT_OBJC_MSGSEND = YES;
				GCC_C_LANGUAGE_STANDARD = gnu99;
				GCC_NO_COMMON_BLOCKS = YES;
				GCC_WARN_64_TO_32_BIT_CONVERSION = YES;
				GCC_WARN_ABOUT_RETURN_TYPE = YES_ERROR;
				GCC_WARN_UNDECLARED_SELECTOR = YES;
				GCC_WARN_UNINITIALIZED_AUTOS = YES_AGGRESSIVE;
				GCC_WARN_UNUSED_FUNCTION = YES;
				GCC_WARN_UNUSED_VARIABLE = YES;
				IPHONEOS_DEPLOYMENT_TARGET = 9.1;
				MTL_ENABLE_DEBUG_INFO = NO;
				SDKROOT = iphoneos;
				VALIDATE_PRODUCT = YES;
			};
			name = Release;
		};
		0F7195AB1C045515004AB1E9 /* Debug */ = {
			isa = XCBuildConfiguration;
			buildSettings = {
				ASSETCATALOG_COMPILER_APPICON_NAME = AppIcon;
				INFOPLIST_FILE = Adme/Info.plist;
				LD_RUNPATH_SEARCH_PATHS = "$(inherited) @executable_path/Frameworks";
				PRODUCT_BUNDLE_IDENTIFIER = com.github.rovkinmax.Adme;
				PRODUCT_NAME = "$(TARGET_NAME)";
			};
			name = Debug;
		};
		0F7195AC1C045515004AB1E9 /* Release */ = {
			isa = XCBuildConfiguration;
			buildSettings = {
				ASSETCATALOG_COMPILER_APPICON_NAME = AppIcon;
				INFOPLIST_FILE = Adme/Info.plist;
				LD_RUNPATH_SEARCH_PATHS = "$(inherited) @executable_path/Frameworks";
				PRODUCT_BUNDLE_IDENTIFIER = com.github.rovkinmax.Adme;
				PRODUCT_NAME = "$(TARGET_NAME)";
			};
			name = Release;
		};
		0F7195AE1C045515004AB1E9 /* Debug */ = {
			isa = XCBuildConfiguration;
			buildSettings = {
				BUNDLE_LOADER = "$(TEST_HOST)";
				INFOPLIST_FILE = AdmeTests/Info.plist;
				LD_RUNPATH_SEARCH_PATHS = "$(inherited) @executable_path/Frameworks @loader_path/Frameworks";
				PRODUCT_BUNDLE_IDENTIFIER = com.github.rovkinmax.AdmeTests;
				PRODUCT_NAME = "$(TARGET_NAME)";
				TEST_HOST = "$(BUILT_PRODUCTS_DIR)/Adme.app/Adme";
			};
			name = Debug;
		};
		0F7195AF1C045515004AB1E9 /* Release */ = {
			isa = XCBuildConfiguration;
			buildSettings = {
				BUNDLE_LOADER = "$(TEST_HOST)";
				INFOPLIST_FILE = AdmeTests/Info.plist;
				LD_RUNPATH_SEARCH_PATHS = "$(inherited) @executable_path/Frameworks @loader_path/Frameworks";
				PRODUCT_BUNDLE_IDENTIFIER = com.github.rovkinmax.AdmeTests;
				PRODUCT_NAME = "$(TARGET_NAME)";
				TEST_HOST = "$(BUILT_PRODUCTS_DIR)/Adme.app/Adme";
			};
			name = Release;
		};
		0F7195B11C045515004AB1E9 /* Debug */ = {
			isa = XCBuildConfiguration;
			buildSettings = {
				INFOPLIST_FILE = AdmeUITests/Info.plist;
				LD_RUNPATH_SEARCH_PATHS = "$(inherited) @executable_path/Frameworks @loader_path/Frameworks";
				PRODUCT_BUNDLE_IDENTIFIER = com.github.rovkinmax.AdmeUITests;
				PRODUCT_NAME = "$(TARGET_NAME)";
				TEST_TARGET_NAME = Adme;
				USES_XCTRUNNER = YES;
			};
			name = Debug;
		};
		0F7195B21C045515004AB1E9 /* Release */ = {
			isa = XCBuildConfiguration;
			buildSettings = {
				INFOPLIST_FILE = AdmeUITests/Info.plist;
				LD_RUNPATH_SEARCH_PATHS = "$(inherited) @executable_path/Frameworks @loader_path/Frameworks";
				PRODUCT_BUNDLE_IDENTIFIER = com.github.rovkinmax.AdmeUITests;
				PRODUCT_NAME = "$(TARGET_NAME)";
				TEST_TARGET_NAME = Adme;
				USES_XCTRUNNER = YES;
			};
			name = Release;
		};
/* End XCBuildConfiguration section */

/* Begin XCConfigurationList section */
		0F71957B1C045514004AB1E9 /* Build configuration list for PBXProject "Adme" */ = {
			isa = XCConfigurationList;
			buildConfigurations = (
				0F7195A81C045515004AB1E9 /* Debug */,
				0F7195A91C045515004AB1E9 /* Release */,
			);
			defaultConfigurationIsVisible = 0;
			defaultConfigurationName = Release;
		};
		0F7195AA1C045515004AB1E9 /* Build configuration list for PBXNativeTarget "Adme" */ = {
			isa = XCConfigurationList;
			buildConfigurations = (
				0F7195AB1C045515004AB1E9 /* Debug */,
				0F7195AC1C045515004AB1E9 /* Release */,
			);
			defaultConfigurationIsVisible = 0;
		};
		0F7195AD1C045515004AB1E9 /* Build configuration list for PBXNativeTarget "AdmeTests" */ = {
			isa = XCConfigurationList;
			buildConfigurations = (
				0F7195AE1C045515004AB1E9 /* Debug */,
				0F7195AF1C045515004AB1E9 /* Release */,
			);
			defaultConfigurationIsVisible = 0;
		};
		0F7195B01C045515004AB1E9 /* Build configuration list for PBXNativeTarget "AdmeUITests" */ = {
			isa = XCConfigurationList;
			buildConfigurations = (
				0F7195B11C045515004AB1E9 /* Debug */,
				0F7195B21C045515004AB1E9 /* Release */,
			);
			defaultConfigurationIsVisible = 0;
		};
/* End XCConfigurationList section */
	};
	rootObject = 0F7195781C045514004AB1E9 /* Project object */;
}
